
Microsoft Visual Studio Solution File, Format Version 12.00
# Visual Studio Version 17
VisualStudioVersion = 17.10.34928.147
MinimumVisualStudioVersion = 10.0.40219.1
Project("{9A19103F-16F7-4668-BE54-9A1E7A4F7556}") = "Inventory-System_Api", "Inventory-System\Inventory-System_Api.csproj", "{88E897A9-16B1-49DA-A2AF-31145EB6DB3D}"
EndProject
Project("{9A19103F-16F7-4668-BE54-9A1E7A4F7556}") = "Inventory-System_Core", "Inventory-System_Core\Inventory-System_Core.csproj", "{90813229-EB8A-4F28-AD9B-588DDCEC9D25}"
EndProject
Project("{FAE04EC0-301F-11D3-BF4B-00C04F79EFBC}") = "Inventory-System_EF", "Inventory-System_EF\Inventory-System_EF.csproj", "{126063DE-7290-41E2-A2A4-AC5A745328E2}"
EndProject
Global
	GlobalSection(SolutionConfigurationPlatforms) = preSolution
		Debug|Any CPU = Debug|Any CPU
		Release|Any CPU = Release|Any CPU
	EndGlobalSection
	GlobalSection(ProjectConfigurationPlatforms) = postSolution
		{88E897A9-16B1-49DA-A2AF-31145EB6DB3D}.Debug|Any CPU.ActiveCfg = Debug|Any CPU
		{88E897A9-16B1-49DA-A2AF-31145EB6DB3D}.Debug|Any CPU.Build.0 = Debug|Any CPU
		{88E897A9-16B1-49DA-A2AF-31145EB6DB3D}.Release|Any CPU.ActiveCfg = Release|Any CPU
		{88E897A9-16B1-49DA-A2AF-31145EB6DB3D}.Release|Any CPU.Build.0 = Release|Any CPU
		{90813229-EB8A-4F28-AD9B-588DDCEC9D25}.Debug|Any CPU.ActiveCfg = Debug|Any CPU
		{90813229-EB8A-4F28-AD9B-588DDCEC9D25}.Debug|Any CPU.Build.0 = Debug|Any CPU
		{90813229-EB8A-4F28-AD9B-588DDCEC9D25}.Release|Any CPU.ActiveCfg = Release|Any CPU
		{90813229-EB8A-4F28-AD9B-588DDCEC9D25}.Release|Any CPU.Build.0 = Release|Any CPU
		{126063DE-7290-41E2-A2A4-AC5A745328E2}.Debug|Any CPU.ActiveCfg = Debug|Any CPU
		{126063DE-7290-41E2-A2A4-AC5A745328E2}.Debug|Any CPU.Build.0 = Debug|Any CPU
		{126063DE-7290-41E2-A2A4-AC5A745328E2}.Release|Any CPU.ActiveCfg = Release|Any CPU
		{126063DE-7290-41E2-A2A4-AC5A745328E2}.Release|Any CPU.Build.0 = Release|Any CPU
	EndGlobalSection
	GlobalSection(SolutionProperties) = preSolution
		HideSolutionNode = FALSE
	EndGlobalSection
	GlobalSection(ExtensibilityGlobals) = postSolution
		SolutionGuid = {8157ED9F-401C-43CA-9E7E-538C034083ED}
	EndGlobalSection
EndGlobal
